// !$*UTF8*$!
{
	archiveVersion = 1;
	classes = {
	};
	objectVersion = 50;
	objects = {

/* Begin PBXBuildFile section */
		A97433C6250D2CB900AFFF20 /* Memes.swift in Sources */ = {isa = PBXBuildFile; fileRef = A97433C5250D2CB900AFFF20 /* Memes.swift */; };
		A97433CE250D4F2C00AFFF20 /* MemeCollectionViewController.swift in Sources */ = {isa = PBXBuildFile; fileRef = A97433CD250D4F2C00AFFF20 /* MemeCollectionViewController.swift */; };
		A97433D0250D4F3A00AFFF20 /* MemeTableViewController.swift in Sources */ = {isa = PBXBuildFile; fileRef = A97433CF250D4F3A00AFFF20 /* MemeTableViewController.swift */; };
		A97433D2250D4F7500AFFF20 /* MemeTableViewCell.swift in Sources */ = {isa = PBXBuildFile; fileRef = A97433D1250D4F7500AFFF20 /* MemeTableViewCell.swift */; };
		A97433D4250D707300AFFF20 /* MemeCollectionViewCell.swift in Sources */ = {isa = PBXBuildFile; fileRef = A97433D3250D707300AFFF20 /* MemeCollectionViewCell.swift */; };
		A97433D6250D77D700AFFF20 /* MemeDetailViewController.swift in Sources */ = {isa = PBXBuildFile; fileRef = A97433D5250D77D700AFFF20 /* MemeDetailViewController.swift */; };
		A9D290182502E18E00A5AA72 /* AppDelegate.swift in Sources */ = {isa = PBXBuildFile; fileRef = A9D290172502E18E00A5AA72 /* AppDelegate.swift */; };
		A9D2901A2502E18E00A5AA72 /* SceneDelegate.swift in Sources */ = {isa = PBXBuildFile; fileRef = A9D290192502E18E00A5AA72 /* SceneDelegate.swift */; };
		A9D2901C2502E18E00A5AA72 /* CreateNewMemeViewController.swift in Sources */ = {isa = PBXBuildFile; fileRef = A9D2901B2502E18E00A5AA72 /* CreateNewMemeViewController.swift */; };
		A9D2901F2502E18E00A5AA72 /* Main.storyboard in Resources */ = {isa = PBXBuildFile; fileRef = A9D2901D2502E18E00A5AA72 /* Main.storyboard */; };
		A9D290212502E19000A5AA72 /* Assets.xcassets in Resources */ = {isa = PBXBuildFile; fileRef = A9D290202502E19000A5AA72 /* Assets.xcassets */; };
		A9D290242502E19000A5AA72 /* LaunchScreen.storyboard in Resources */ = {isa = PBXBuildFile; fileRef = A9D290222502E19000A5AA72 /* LaunchScreen.storyboard */; };
		A9D5E4A8250E79BF0066B3AB /* MemeConstants.swift in Sources */ = {isa = PBXBuildFile; fileRef = A9D5E4A7250E79BF0066B3AB /* MemeConstants.swift */; };
		A9D5E4AA250E7CCF0066B3AB /* MemesManager.swift in Sources */ = {isa = PBXBuildFile; fileRef = A9D5E4A9250E7CCF0066B3AB /* MemesManager.swift */; };
/* End PBXBuildFile section */

/* Begin PBXFileReference section */
		A97433C5250D2CB900AFFF20 /* Memes.swift */ = {isa = PBXFileReference; lastKnownFileType = sourcecode.swift; path = Memes.swift; sourceTree = "<group>"; };
		A97433CD250D4F2C00AFFF20 /* MemeCollectionViewController.swift */ = {isa = PBXFileReference; lastKnownFileType = sourcecode.swift; path = MemeCollectionViewController.swift; sourceTree = "<group>"; };
		A97433CF250D4F3A00AFFF20 /* MemeTableViewController.swift */ = {isa = PBXFileReference; lastKnownFileType = sourcecode.swift; path = MemeTableViewController.swift; sourceTree = "<group>"; };
		A97433D1250D4F7500AFFF20 /* MemeTableViewCell.swift */ = {isa = PBXFileReference; lastKnownFileType = sourcecode.swift; path = MemeTableViewCell.swift; sourceTree = "<group>"; };
		A97433D3250D707300AFFF20 /* MemeCollectionViewCell.swift */ = {isa = PBXFileReference; lastKnownFileType = sourcecode.swift; path = MemeCollectionViewCell.swift; sourceTree = "<group>"; };
		A97433D5250D77D700AFFF20 /* MemeDetailViewController.swift */ = {isa = PBXFileReference; lastKnownFileType = sourcecode.swift; path = MemeDetailViewController.swift; sourceTree = "<group>"; };
		A9D290142502E18E00A5AA72 /* MemeMe.app */ = {isa = PBXFileReference; explicitFileType = wrapper.application; includeInIndex = 0; path = MemeMe.app; sourceTree = BUILT_PRODUCTS_DIR; };
		A9D290172502E18E00A5AA72 /* AppDelegate.swift */ = {isa = PBXFileReference; lastKnownFileType = sourcecode.swift; path = AppDelegate.swift; sourceTree = "<group>"; };
		A9D290192502E18E00A5AA72 /* SceneDelegate.swift */ = {isa = PBXFileReference; lastKnownFileType = sourcecode.swift; path = SceneDelegate.swift; sourceTree = "<group>"; };
		A9D2901B2502E18E00A5AA72 /* CreateNewMemeViewController.swift */ = {isa = PBXFileReference; lastKnownFileType = sourcecode.swift; path = CreateNewMemeViewController.swift; sourceTree = "<group>"; };
		A9D2901E2502E18E00A5AA72 /* Base */ = {isa = PBXFileReference; lastKnownFileType = file.storyboard; name = Base; path = Base.lproj/Main.storyboard; sourceTree = "<group>"; };
		A9D290202502E19000A5AA72 /* Assets.xcassets */ = {isa = PBXFileReference; lastKnownFileType = folder.assetcatalog; path = Assets.xcassets; sourceTree = "<group>"; };
		A9D290232502E19000A5AA72 /* Base */ = {isa = PBXFileReference; lastKnownFileType = file.storyboard; name = Base; path = Base.lproj/LaunchScreen.storyboard; sourceTree = "<group>"; };
		A9D290252502E19000A5AA72 /* Info.plist */ = {isa = PBXFileReference; lastKnownFileType = text.plist.xml; path = Info.plist; sourceTree = "<group>"; };
		A9D5E4A7250E79BF0066B3AB /* MemeConstants.swift */ = {isa = PBXFileReference; lastKnownFileType = sourcecode.swift; path = MemeConstants.swift; sourceTree = "<group>"; };
		A9D5E4A9250E7CCF0066B3AB /* MemesManager.swift */ = {isa = PBXFileReference; lastKnownFileType = sourcecode.swift; path = MemesManager.swift; sourceTree = "<group>"; };
/* End PBXFileReference section */

/* Begin PBXFrameworksBuildPhase section */
		A9D290112502E18E00A5AA72 /* Frameworks */ = {
			isa = PBXFrameworksBuildPhase;
			buildActionMask = 2147483647;
			files = (
			);
			runOnlyForDeploymentPostprocessing = 0;
		};
/* End PBXFrameworksBuildPhase section */

/* Begin PBXGroup section */
		A97433C4250D2C9F00AFFF20 /* Model */ = {
			isa = PBXGroup;
			children = (
				A97433C5250D2CB900AFFF20 /* Memes.swift */,
				A97433D1250D4F7500AFFF20 /* MemeTableViewCell.swift */,
				A97433D3250D707300AFFF20 /* MemeCollectionViewCell.swift */,
				A9D5E4A7250E79BF0066B3AB /* MemeConstants.swift */,
				A9D5E4A9250E7CCF0066B3AB /* MemesManager.swift */,
			);
			path = Model;
			sourceTree = "<group>";
		};
		A97433CB250D4EC600AFFF20 /* Controllers */ = {
			isa = PBXGroup;
			children = (
				A9D2901B2502E18E00A5AA72 /* CreateNewMemeViewController.swift */,
				A97433CD250D4F2C00AFFF20 /* MemeCollectionViewController.swift */,
				A97433CF250D4F3A00AFFF20 /* MemeTableViewController.swift */,
				A97433D5250D77D700AFFF20 /* MemeDetailViewController.swift */,
			);
			path = Controllers;
			sourceTree = "<group>";
		};
		A97433CC250D4ED500AFFF20 /* Delegates */ = {
			isa = PBXGroup;
			children = (
				A9D290172502E18E00A5AA72 /* AppDelegate.swift */,
				A9D290192502E18E00A5AA72 /* SceneDelegate.swift */,
			);
			path = Delegates;
			sourceTree = "<group>";
		};
		A9D2900B2502E18E00A5AA72 = {
			isa = PBXGroup;
			children = (
				A9D290162502E18E00A5AA72 /* MemeMe */,
				A9D290152502E18E00A5AA72 /* Products */,
			);
			sourceTree = "<group>";
		};
		A9D290152502E18E00A5AA72 /* Products */ = {
			isa = PBXGroup;
			children = (
				A9D290142502E18E00A5AA72 /* MemeMe.app */,
			);
			name = Products;
			sourceTree = "<group>";
		};
		A9D290162502E18E00A5AA72 /* MemeMe */ = {
			isa = PBXGroup;
			children = (
				A97433CC250D4ED500AFFF20 /* Delegates */,
				A97433CB250D4EC600AFFF20 /* Controllers */,
				A97433C4250D2C9F00AFFF20 /* Model */,
				A9D2901D2502E18E00A5AA72 /* Main.storyboard */,
				A9D290202502E19000A5AA72 /* Assets.xcassets */,
				A9D290222502E19000A5AA72 /* LaunchScreen.storyboard */,
				A9D290252502E19000A5AA72 /* Info.plist */,
			);
			path = MemeMe;
			sourceTree = "<group>";
		};
/* End PBXGroup section */

/* Begin PBXNativeTarget section */
		A9D290132502E18E00A5AA72 /* MemeMe */ = {
			isa = PBXNativeTarget;
			buildConfigurationList = A9D290282502E19000A5AA72 /* Build configuration list for PBXNativeTarget "MemeMe" */;
			buildPhases = (
				A9D290102502E18E00A5AA72 /* Sources */,
				A9D290112502E18E00A5AA72 /* Frameworks */,
				A9D290122502E18E00A5AA72 /* Resources */,
			);
			buildRules = (
			);
			dependencies = (
			);
			name = MemeMe;
			productName = MemeMe;
			productReference = A9D290142502E18E00A5AA72 /* MemeMe.app */;
			productType = "com.apple.product-type.application";
		};
/* End PBXNativeTarget section */

/* Begin PBXProject section */
		A9D2900C2502E18E00A5AA72 /* Project object */ = {
			isa = PBXProject;
			attributes = {
				LastSwiftUpdateCheck = 1170;
				LastUpgradeCheck = 1170;
				ORGANIZATIONNAME = Fuller;
				TargetAttributes = {
					A9D290132502E18E00A5AA72 = {
						CreatedOnToolsVersion = 11.7;
					};
				};
			};
			buildConfigurationList = A9D2900F2502E18E00A5AA72 /* Build configuration list for PBXProject "MemeMe" */;
			compatibilityVersion = "Xcode 9.3";
			developmentRegion = en;
			hasScannedForEncodings = 0;
			knownRegions = (
				en,
				Base,
			);
			mainGroup = A9D2900B2502E18E00A5AA72;
			productRefGroup = A9D290152502E18E00A5AA72 /* Products */;
			projectDirPath = "";
			projectRoot = "";
			targets = (
				A9D290132502E18E00A5AA72 /* MemeMe */,
			);
		};
/* End PBXProject section */

/* Begin PBXResourcesBuildPhase section */
		A9D290122502E18E00A5AA72 /* Resources */ = {
			isa = PBXResourcesBuildPhase;
			buildActionMask = 2147483647;
			files = (
				A9D290242502E19000A5AA72 /* LaunchScreen.storyboard in Resources */,
				A9D290212502E19000A5AA72 /* Assets.xcassets in Resources */,
				A9D2901F2502E18E00A5AA72 /* Main.storyboard in Resources */,
			);
			runOnlyForDeploymentPostprocessing = 0;
		};
/* End PBXResourcesBuildPhase section */

/* Begin PBXSourcesBuildPhase section */
		A9D290102502E18E00A5AA72 /* Sources */ = {
			isa = PBXSourcesBuildPhase;
			buildActionMask = 2147483647;
			files = (
				A97433D6250D77D700AFFF20 /* MemeDetailViewController.swift in Sources */,
				A9D2901C2502E18E00A5AA72 /* CreateNewMemeViewController.swift in Sources */,
				A97433C6250D2CB900AFFF20 /* Memes.swift in Sources */,
				A9D5E4AA250E7CCF0066B3AB /* MemesManager.swift in Sources */,
				A97433D4250D707300AFFF20 /* MemeCollectionViewCell.swift in Sources */,
				A97433CE250D4F2C00AFFF20 /* MemeCollectionViewController.swift in Sources */,
				A9D5E4A8250E79BF0066B3AB /* MemeConstants.swift in Sources */,
				A97433D0250D4F3A00AFFF20 /* MemeTableViewController.swift in Sources */,
				A97433D2250D4F7500AFFF20 /* MemeTableViewCell.swift in Sources */,
				A9D290182502E18E00A5AA72 /* AppDelegate.swift in Sources */,
				A9D2901A2502E18E00A5AA72 /* SceneDelegate.swift in Sources */,
			);
			runOnlyForDeploymentPostprocessing = 0;
		};
/* End PBXSourcesBuildPhase section */

/* Begin PBXVariantGroup section */
		A9D2901D2502E18E00A5AA72 /* Main.storyboard */ = {
			isa = PBXVariantGroup;
			children = (
				A9D2901E2502E18E00A5AA72 /* Base */,
			);
			name = Main.storyboard;
			sourceTree = "<group>";
		};
		A9D290222502E19000A5AA72 /* LaunchScreen.storyboard */ = {
			isa = PBXVariantGroup;
			children = (
				A9D290232502E19000A5AA72 /* Base */,
			);
			name = LaunchScreen.storyboard;
			sourceTree = "<group>";
		};
/* End PBXVariantGroup section */

/* Begin XCBuildConfiguration section */
		A9D290262502E19000A5AA72 /* Debug */ = {
			isa = XCBuildConfiguration;
			buildSettings = {
				ALWAYS_SEARCH_USER_PATHS = NO;
				CLANG_ANALYZER_NONNULL = YES;
				CLANG_ANALYZER_NUMBER_OBJECT_CONVERSION = YES_AGGRESSIVE;
				CLANG_CXX_LANGUAGE_STANDARD = "gnu++14";
				CLANG_CXX_LIBRARY = "libc++";
				CLANG_ENABLE_MODULES = YES;
				CLANG_ENABLE_OBJC_ARC = YES;
				CLANG_ENABLE_OBJC_WEAK = YES;
				CLANG_WARN_BLOCK_CAPTURE_AUTORELEASING = YES;
				CLANG_WARN_BOOL_CONVERSION = YES;
				CLANG_WARN_COMMA = YES;
				CLANG_WARN_CONSTANT_CONVERSION = YES;
				CLANG_WARN_DEPRECATED_OBJC_IMPLEMENTATIONS = YES;
				CLANG_WARN_DIRECT_OBJC_ISA_USAGE = YES_ERROR;
				CLANG_WARN_DOCUMENTATION_COMMENTS = YES;
				CLANG_WARN_EMPTY_BODY = YES;
				CLANG_WARN_ENUM_CONVERSION = YES;
				CLANG_WARN_INFINITE_RECURSION = YES;
				CLANG_WARN_INT_CONVERSION = YES;
				CLANG_WARN_NON_LITERAL_NULL_CONVERSION = YES;
				CLANG_WARN_OBJC_IMPLICIT_RETAIN_SELF = YES;
				CLANG_WARN_OBJC_LITERAL_CONVERSION = YES;
				CLANG_WARN_OBJC_ROOT_CLASS = YES_ERROR;
				CLANG_WARN_RANGE_LOOP_ANALYSIS = YES;
				CLANG_WARN_STRICT_PROTOTYPES = YES;
				CLANG_WARN_SUSPICIOUS_MOVE = YES;
				CLANG_WARN_UNGUARDED_AVAILABILITY = YES_AGGRESSIVE;
				CLANG_WARN_UNREACHABLE_CODE = YES;
				CLANG_WARN__DUPLICATE_METHOD_MATCH = YES;
				COPY_PHASE_STRIP = NO;
				DEBUG_INFORMATION_FORMAT = dwarf;
				ENABLE_STRICT_OBJC_MSGSEND = YES;
				ENABLE_TESTABILITY = YES;
				GCC_C_LANGUAGE_STANDARD = gnu11;
				GCC_DYNAMIC_NO_PIC = NO;
				GCC_NO_COMMON_BLOCKS = YES;
				GCC_OPTIMIZATION_LEVEL = 0;
				GCC_PREPROCESSOR_DEFINITIONS = (
					"DEBUG=1",
					"$(inherited)",
				);
				GCC_WARN_64_TO_32_BIT_CONVERSION = YES;
				GCC_WARN_ABOUT_RETURN_TYPE = YES_ERROR;
				GCC_WARN_UNDECLARED_SELECTOR = YES;
				GCC_WARN_UNINITIALIZED_AUTOS = YES_AGGRESSIVE;
				GCC_WARN_UNUSED_FUNCTION = YES;
				GCC_WARN_UNUSED_VARIABLE = YES;
				IPHONEOS_DEPLOYMENT_TARGET = 13.7;
				MTL_ENABLE_DEBUG_INFO = INCLUDE_SOURCE;
				MTL_FAST_MATH = YES;
				ONLY_ACTIVE_ARCH = YES;
				SDKROOT = iphoneos;
				SWIFT_ACTIVE_COMPILATION_CONDITIONS = DEBUG;
				SWIFT_OPTIMIZATION_LEVEL = "-Onone";
			};
			name = Debug;
		};
		A9D290272502E19000A5AA72 /* Release */ = {
			isa = XCBuildConfiguration;
			buildSettings = {
				ALWAYS_SEARCH_USER_PATHS = NO;
				CLANG_ANALYZER_NONNULL = YES;
				CLANG_ANALYZER_NUMBER_OBJECT_CONVERSION = YES_AGGRESSIVE;
				CLANG_CXX_LANGUAGE_STANDARD = "gnu++14";
				CLANG_CXX_LIBRARY = "libc++";
				CLANG_ENABLE_MODULES = YES;
				CLANG_ENABLE_OBJC_ARC = YES;
				CLANG_ENABLE_OBJC_WEAK = YES;
				CLANG_WARN_BLOCK_CAPTURE_AUTORELEASING = YES;
				CLANG_WARN_BOOL_CONVERSION = YES;
				CLANG_WARN_COMMA = YES;
				CLANG_WARN_CONSTANT_CONVERSION = YES;
				CLANG_WARN_DEPRECATED_OBJC_IMPLEMENTATIONS = YES;
				CLANG_WARN_DIRECT_OBJC_ISA_USAGE = YES_ERROR;
				CLANG_WARN_DOCUMENTATION_COMMENTS = YES;
				CLANG_WARN_EMPTY_BODY = YES;
				CLANG_WARN_ENUM_CONVERSION = YES;
				CLANG_WARN_INFINITE_RECURSION = YES;
				CLANG_WARN_INT_CONVERSION = YES;
				CLANG_WARN_NON_LITERAL_NULL_CONVERSION = YES;
				CLANG_WARN_OBJC_IMPLICIT_RETAIN_SELF = YES;
				CLANG_WARN_OBJC_LITERAL_CONVERSION = YES;
				CLANG_WARN_OBJC_ROOT_CLASS = YES_ERROR;
				CLANG_WARN_RANGE_LOOP_ANALYSIS = YES;
				CLANG_WARN_STRICT_PROTOTYPES = YES;
				CLANG_WARN_SUSPICIOUS_MOVE = YES;
				CLANG_WARN_UNGUARDED_AVAILABILITY = YES_AGGRESSIVE;
				CLANG_WARN_UNREACHABLE_CODE = YES;
				CLANG_WARN__DUPLICATE_METHOD_MATCH = YES;
				COPY_PHASE_STRIP = NO;
				DEBUG_INFORMATION_FORMAT = "dwarf-with-dsym";
				ENABLE_NS_ASSERTIONS = NO;
				ENABLE_STRICT_OBJC_MSGSEND = YES;
				GCC_C_LANGUAGE_STANDARD = gnu11;
				GCC_NO_COMMON_BLOCKS = YES;
				GCC_WARN_64_TO_32_BIT_CONVERSION = YES;
				GCC_WARN_ABOUT_RETURN_TYPE = YES_ERROR;
				GCC_WARN_UNDECLARED_SELECTOR = YES;
				GCC_WARN_UNINITIALIZED_AUTOS = YES_AGGRESSIVE;
				GCC_WARN_UNUSED_FUNCTION = YES;
				GCC_WARN_UNUSED_VARIABLE = YES;
				IPHONEOS_DEPLOYMENT_TARGET = 13.7;
				MTL_ENABLE_DEBUG_INFO = NO;
				MTL_FAST_MATH = YES;
				SDKROOT = iphoneos;
				SWIFT_COMPILATION_MODE = wholemodule;
				SWIFT_OPTIMIZATION_LEVEL = "-O";
				VALIDATE_PRODUCT = YES;
			};
			name = Release;
		};
		A9D290292502E19000A5AA72 /* Debug */ = {
			isa = XCBuildConfiguration;
			buildSettings = {
				ASSETCATALOG_COMPILER_APPICON_NAME = AppIcon;
				CODE_SIGN_STYLE = Automatic;
				INFOPLIST_FILE = MemeMe/Info.plist;
				LD_RUNPATH_SEARCH_PATHS = (
					"$(inherited)",
					"@executable_path/Frameworks",
				);
				PRODUCT_BUNDLE_IDENTIFIER = com.fuller.MemeMe;
				PRODUCT_NAME = MemeMe;
				SWIFT_VERSION = 5.0;
				TARGETED_DEVICE_FAMILY = "1,2";
			};
			name = Debug;
		};
		A9D2902A2502E19000A5AA72 /* Release */ = {
			isa = XCBuildConfiguration;
			buildSettings = {
				ASSETCATALOG_COMPILER_APPICON_NAME = AppIcon;
				CODE_SIGN_STYLE = Automatic;
				INFOPLIST_FILE = MemeMe/Info.plist;
				LD_RUNPATH_SEARCH_PATHS = (
					"$(inherited)",
					"@executable_path/Frameworks",
				);
				PRODUCT_BUNDLE_IDENTIFIER = com.fuller.MemeMe;
				PRODUCT_NAME = MemeMe;
				SWIFT_VERSION = 5.0;
				TARGETED_DEVICE_FAMILY = "1,2";
			};
			name = Release;
		};
/* End XCBuildConfiguration section */

/* Begin XCConfigurationList section */
		A9D2900F2502E18E00A5AA72 /* Build configuration list for PBXProject "MemeMe" */ = {
			isa = XCConfigurationList;
			buildConfigurations = (
				A9D290262502E19000A5AA72 /* Debug */,
				A9D290272502E19000A5AA72 /* Release */,
			);
			defaultConfigurationIsVisible = 0;
			defaultConfigurationName = Release;
		};
		A9D290282502E19000A5AA72 /* Build configuration list for PBXNativeTarget "MemeMe" */ = {
			isa = XCConfigurationList;
			buildConfigurations = (
				A9D290292502E19000A5AA72 /* Debug */,
				A9D2902A2502E19000A5AA72 /* Release */,
			);
			defaultConfigurationIsVisible = 0;
			defaultConfigurationName = Release;
		};
/* End XCConfigurationList section */
	};
	rootObject = A9D2900C2502E18E00A5AA72 /* Project object */;
}
